
Microsoft Visual Studio Solution File, Format Version 12.00
# Visual Studio Version 17
VisualStudioVersion = 17.0.31903.59
MinimumVisualStudioVersion = 10.0.40219.1
Project("{2150E333-8FDC-42A3-9474-1A3956D46DE8}") = "src", "src", "{6837DD8F-429A-422D-B777-6EF73B3349C8}"
EndProject
Project("{9A19103F-16F7-4668-BE54-9A1E7A4F7556}") = "DotnetLearning.Api", "src\DotnetLearning.Api\DotnetLearning.Api.csproj", "{38F7E9D4-8DFA-4845-BFE9-6D2226ADE130}"
EndProject
Project("{9A19103F-16F7-4668-BE54-9A1E7A4F7556}") = "DotnetLearning.Core", "src\DotnetLearning.Core\DotnetLearning.Core.csproj", "{1FB409AF-67AE-45FD-915C-08E705F2A2B3}"
EndProject
Project("{9A19103F-16F7-4668-BE54-9A1E7A4F7556}") = "DotnetLearning.Infrastructure", "src\DotnetLearning.Infrastructure\DotnetLearning.Infrastructure.csproj", "{A0635337-5AC2-47B0-B2D1-A76D74E27699}"
EndProject
Project("{9A19103F-16F7-4668-BE54-9A1E7A4F7556}") = "DotnetLearning.Front.Server", "src\DotnetLearning.Front.Server\DotnetLearning.Front.Server.csproj", "{B6845DC0-620F-42A2-BC4E-DD4750738ACC}"
EndProject
Project("{54A90642-561A-4BB1-A94E-469ADEE60C69}") = "DotnetLearning.Front.Client", "src\DotnetLearning.Front.Client\DotnetLearning.Front.Client.esproj", "{0DD2A3D4-E380-4B81-B01A-FFBF9D0AEAD0}"
EndProject
Project("{FAE04EC0-301F-11D3-BF4B-00C04F79EFBC}") = "DotnetLearning.AppHost", "src\DotnetLearning.AppHost\DotnetLearning.AppHost.csproj", "{9945F805-F065-4F87-BC77-14E20AE53E26}"
EndProject
Project("{9A19103F-16F7-4668-BE54-9A1E7A4F7556}") = "DotnetLearning.ServiceDefaults", "src\DotnetLearning.ServiceDefaults\DotnetLearning.ServiceDefaults.csproj", "{9866C6BA-6AE4-40A9-AAC7-3611ADE8D33F}"
EndProject
Global
	GlobalSection(SolutionConfigurationPlatforms) = preSolution
		Debug|Any CPU = Debug|Any CPU
		Release|Any CPU = Release|Any CPU
	EndGlobalSection
	GlobalSection(ProjectConfigurationPlatforms) = postSolution
		{38F7E9D4-8DFA-4845-BFE9-6D2226ADE130}.Debug|Any CPU.ActiveCfg = Debug|Any CPU
		{38F7E9D4-8DFA-4845-BFE9-6D2226ADE130}.Debug|Any CPU.Build.0 = Debug|Any CPU
		{38F7E9D4-8DFA-4845-BFE9-6D2226ADE130}.Release|Any CPU.ActiveCfg = Release|Any CPU
		{38F7E9D4-8DFA-4845-BFE9-6D2226ADE130}.Release|Any CPU.Build.0 = Release|Any CPU
		{1FB409AF-67AE-45FD-915C-08E705F2A2B3}.Debug|Any CPU.ActiveCfg = Debug|Any CPU
		{1FB409AF-67AE-45FD-915C-08E705F2A2B3}.Debug|Any CPU.Build.0 = Debug|Any CPU
		{1FB409AF-67AE-45FD-915C-08E705F2A2B3}.Release|Any CPU.ActiveCfg = Release|Any CPU
		{1FB409AF-67AE-45FD-915C-08E705F2A2B3}.Release|Any CPU.Build.0 = Release|Any CPU
		{A0635337-5AC2-47B0-B2D1-A76D74E27699}.Debug|Any CPU.ActiveCfg = Debug|Any CPU
		{A0635337-5AC2-47B0-B2D1-A76D74E27699}.Debug|Any CPU.Build.0 = Debug|Any CPU
		{A0635337-5AC2-47B0-B2D1-A76D74E27699}.Release|Any CPU.ActiveCfg = Release|Any CPU
		{A0635337-5AC2-47B0-B2D1-A76D74E27699}.Release|Any CPU.Build.0 = Release|Any CPU
		{B6845DC0-620F-42A2-BC4E-DD4750738ACC}.Debug|Any CPU.ActiveCfg = Debug|Any CPU
		{B6845DC0-620F-42A2-BC4E-DD4750738ACC}.Debug|Any CPU.Build.0 = Debug|Any CPU
		{B6845DC0-620F-42A2-BC4E-DD4750738ACC}.Release|Any CPU.ActiveCfg = Release|Any CPU
		{B6845DC0-620F-42A2-BC4E-DD4750738ACC}.Release|Any CPU.Build.0 = Release|Any CPU
		{0DD2A3D4-E380-4B81-B01A-FFBF9D0AEAD0}.Debug|Any CPU.ActiveCfg = Debug|Any CPU
		{0DD2A3D4-E380-4B81-B01A-FFBF9D0AEAD0}.Debug|Any CPU.Build.0 = Debug|Any CPU
		{0DD2A3D4-E380-4B81-B01A-FFBF9D0AEAD0}.Debug|Any CPU.Deploy.0 = Debug|Any CPU
		{0DD2A3D4-E380-4B81-B01A-FFBF9D0AEAD0}.Release|Any CPU.ActiveCfg = Release|Any CPU
		{0DD2A3D4-E380-4B81-B01A-FFBF9D0AEAD0}.Release|Any CPU.Build.0 = Release|Any CPU
		{0DD2A3D4-E380-4B81-B01A-FFBF9D0AEAD0}.Release|Any CPU.Deploy.0 = Release|Any CPU
		{9945F805-F065-4F87-BC77-14E20AE53E26}.Debug|Any CPU.ActiveCfg = Debug|Any CPU
		{9945F805-F065-4F87-BC77-14E20AE53E26}.Debug|Any CPU.Build.0 = Debug|Any CPU
		{9945F805-F065-4F87-BC77-14E20AE53E26}.Release|Any CPU.ActiveCfg = Release|Any CPU
		{9945F805-F065-4F87-BC77-14E20AE53E26}.Release|Any CPU.Build.0 = Release|Any CPU
		{9866C6BA-6AE4-40A9-AAC7-3611ADE8D33F}.Debug|Any CPU.ActiveCfg = Debug|Any CPU
		{9866C6BA-6AE4-40A9-AAC7-3611ADE8D33F}.Debug|Any CPU.Build.0 = Debug|Any CPU
		{9866C6BA-6AE4-40A9-AAC7-3611ADE8D33F}.Release|Any CPU.ActiveCfg = Release|Any CPU
		{9866C6BA-6AE4-40A9-AAC7-3611ADE8D33F}.Release|Any CPU.Build.0 = Release|Any CPU
	EndGlobalSection
	GlobalSection(SolutionProperties) = preSolution
		HideSolutionNode = FALSE
	EndGlobalSection
	GlobalSection(NestedProjects) = preSolution
		{38F7E9D4-8DFA-4845-BFE9-6D2226ADE130} = {6837DD8F-429A-422D-B777-6EF73B3349C8}
		{1FB409AF-67AE-45FD-915C-08E705F2A2B3} = {6837DD8F-429A-422D-B777-6EF73B3349C8}
		{A0635337-5AC2-47B0-B2D1-A76D74E27699} = {6837DD8F-429A-422D-B777-6EF73B3349C8}
		{B6845DC0-620F-42A2-BC4E-DD4750738ACC} = {6837DD8F-429A-422D-B777-6EF73B3349C8}
		{0DD2A3D4-E380-4B81-B01A-FFBF9D0AEAD0} = {6837DD8F-429A-422D-B777-6EF73B3349C8}
		{9945F805-F065-4F87-BC77-14E20AE53E26} = {6837DD8F-429A-422D-B777-6EF73B3349C8}
		{9866C6BA-6AE4-40A9-AAC7-3611ADE8D33F} = {6837DD8F-429A-422D-B777-6EF73B3349C8}
	EndGlobalSection
	GlobalSection(ExtensibilityGlobals) = postSolution
		SolutionGuid = {1FE66BB8-2DF2-4730-9527-0B1BA02EB126}
	EndGlobalSection
EndGlobal
